
Microsoft Visual Studio Solution File, Format Version 12.00
# Visual Studio 15
VisualStudioVersion = 15.0.27428.2037
MinimumVisualStudioVersion = 10.0.40219.1
Project("{E24C65DC-7377-472B-9ABA-BC803B73C61A}") = "WebSite6", "WebSite6\", "{AC2958D4-F0F6-41C2-A7A6-6138040B057F}"
	ProjectSection(WebsiteProperties) = preProject
		TargetFrameworkMoniker = ".NETFramework,Version%3Dv4.6.1"
		Debug.AspNetCompiler.VirtualPath = "/localhost_61559"
		Debug.AspNetCompiler.PhysicalPath = "WebSite6\"
		Debug.AspNetCompiler.TargetPath = "PrecompiledWeb\localhost_61559\"
		Debug.AspNetCompiler.Updateable = "true"
		Debug.AspNetCompiler.ForceOverwrite = "true"
		Debug.AspNetCompiler.FixedNames = "false"
		Debug.AspNetCompiler.Debug = "True"
		Release.AspNetCompiler.VirtualPath = "/localhost_61559"
		Release.AspNetCompiler.PhysicalPath = "WebSite6\"
		Release.AspNetCompiler.TargetPath = "PrecompiledWeb\localhost_61559\"
		Release.AspNetCompiler.Updateable = "true"
		Release.AspNetCompiler.ForceOverwrite = "true"
		Release.AspNetCompiler.FixedNames = "false"
		Release.AspNetCompiler.Debug = "False"
		VWDPort = "61559"
		SlnRelativePath = "WebSite6\"
		DefaultWebSiteLanguage = "Visual C#"
	EndProjectSection
EndProject
Project("{FAE04EC0-301F-11D3-BF4B-00C04F79EFBC}") = "DAL", "DAl\DAL.csproj", "{7D8C1CF6-2B0D-484C-9634-D262D991AD4B}"
EndProject
Global
	GlobalSection(SolutionConfigurationPlatforms) = preSolution
		Debug|Any CPU = Debug|Any CPU
		Release|Any CPU = Release|Any CPU
	EndGlobalSection
	GlobalSection(ProjectConfigurationPlatforms) = postSolution
		{AC2958D4-F0F6-41C2-A7A6-6138040B057F}.Debug|Any CPU.ActiveCfg = Debug|Any CPU
		{AC2958D4-F0F6-41C2-A7A6-6138040B057F}.Debug|Any CPU.Build.0 = Debug|Any CPU
		{AC2958D4-F0F6-41C2-A7A6-6138040B057F}.Release|Any CPU.ActiveCfg = Debug|Any CPU
		{AC2958D4-F0F6-41C2-A7A6-6138040B057F}.Release|Any CPU.Build.0 = Debug|Any CPU
		{7D8C1CF6-2B0D-484C-9634-D262D991AD4B}.Debug|Any CPU.ActiveCfg = Debug|Any CPU
		{7D8C1CF6-2B0D-484C-9634-D262D991AD4B}.Debug|Any CPU.Build.0 = Debug|Any CPU
		{7D8C1CF6-2B0D-484C-9634-D262D991AD4B}.Release|Any CPU.ActiveCfg = Release|Any CPU
		{7D8C1CF6-2B0D-484C-9634-D262D991AD4B}.Release|Any CPU.Build.0 = Release|Any CPU
	EndGlobalSection
	GlobalSection(SolutionProperties) = preSolution
		HideSolutionNode = FALSE
	EndGlobalSection
	GlobalSection(ExtensibilityGlobals) = postSolution
		SolutionGuid = {1D0B75F4-0431-4A75-889A-DD0D011EA9A3}
	EndGlobalSection
EndGlobal
